{
  "version": 4,
  "terraform_version": "1.7.4",
  "serial": 16,
  "lineage": "2c371cf5-6948-84cd-83b9-bda1025ded28",
  "outputs": {},
  "resources": [
    {
      "mode": "data",
      "type": "google_client_config",
      "name": "default",
      "provider": "provider[\"registry.terraform.io/hashicorp/google\"]",
      "instances": [
        {
          "schema_version": 0,
          "attributes": {
            "access_token": "ya29.c.c0ASRK0GbMR_pWdGXW5h9AJwinjNtaWhpM26R2lvt3bhRJBwTxKYq_aKWcIBbnDhkWW1o8Zu2M8puE6XitZIoCfs_93tVzajSRZokCNgkTvy2aTF4SPd74TTJW6gMdxCqunXb1E2fdvmwar6qPQ5vXoVo-5_kY2Llvd_auX53aQBhjSZcWPGDnaYu-uJtiUa63OlbaIs5nuQEP4Bc5-uJ4jHfaGYHW0y5T1mRFjKwZSvVU2FCYup5VRvp9KVLK8uSa8GLVZKe9nMm9STrqA8fCOtFNv90rvXqRYzBSoKJi6u82vmRTXIlyrAlsNJ9um_zcpK1OnX5ZlUnv8e2NLJ35C80W-R29_celc8kocboXsRaH2hjYS-7pVvZdH385K1ZhWvZJuUZpM-IiuxFqBBediZxJe75RorpxbSaZq7WXi191elBYZiYrxrVxWVc3b6Q0xq3xcOzdcv7p0oBjQsQIliF6b5qx9sQ61l3dc-5VXxSvWBkeJ7JcSMOFRYfd_xRzy3zoax2OflRtdjsl16Qjs98X92FU7z-SnI8VYJjcJQZx0n3_5iQ6QOq-RzaUrBbqQQQVRwka69xclm5a_30IYIjp0X0wO05gnUzXjtxmluQhQUF5tVYhfq8fyZxi6XXxzwUUwOWQ3eJMb3aFIgVfYS5RB2ioQimO2_W1J5OW7v8lhxmB-grqs9MvkzZ6pvlahkuJISopqWRmlnms_m9SQt8zw5l_hwstpIwYviQ9iQv37FiFyifFzwv-rxRSwZSXcw8tvlf0iRJ8wevqQ0jfWVpavl3dxMOsWsXlkqiq27xI-6tzYglJtbgW5IJkl1Y71bk8zeiWh0Vs9jisdXUujkiuORcYkvXFtajumak3-af06e6_808b_kRWbBWIkdswWv_ZxubbUp0MeFlFgXuR-0xRcv0mO2lf5xV1xee0sUjdivX536OyW1VdvdWWSe81IbkUyXJb_agsyXyajh2i-OnO26VQWq2g2Yz0wlSShO_zknwk5IF0tSQ",
            "default_labels": {},
            "id": "projects/seun-89039/regions/us-central1/zones/",
            "project": "seun-89039",
            "region": "us-central1",
            "zone": ""
          },
          "sensitive_attributes": []
        }
      ]
    },
    {
      "mode": "managed",
      "type": "google_compute_network",
      "name": "vpc",
      "provider": "provider[\"registry.terraform.io/hashicorp/google\"]",
      "instances": [
        {
          "schema_version": 0,
          "attributes": {
            "auto_create_subnetworks": false,
            "bgp_always_compare_med": false,
            "bgp_best_path_selection_mode": "LEGACY",
            "bgp_inter_region_cost": "",
            "delete_default_routes_on_create": false,
            "description": "",
            "enable_ula_internal_ipv6": false,
            "gateway_ipv4": "",
            "id": "projects/seun-89039/global/networks/gke-vpc",
            "internal_ipv6_range": "",
            "mtu": 0,
            "name": "gke-vpc",
            "network_firewall_policy_enforcement_order": "AFTER_CLASSIC_FIREWALL",
            "network_id": "1542936235007250248",
            "network_profile": "",
            "numeric_id": "1542936235007250248",
            "project": "seun-89039",
            "routing_mode": "REGIONAL",
            "self_link": "https://www.googleapis.com/compute/v1/projects/seun-89039/global/networks/gke-vpc",
            "timeouts": null
          },
          "sensitive_attributes": [],
          "private": "eyJlMmJmYjczMC1lY2FhLTExZTYtOGY4OC0zNDM2M2JjN2M0YzAiOnsiY3JlYXRlIjoxMjAwMDAwMDAwMDAwLCJkZWxldGUiOjEyMDAwMDAwMDAwMDAsInVwZGF0ZSI6MTIwMDAwMDAwMDAwMH19"
        }
      ]
    },
    {
      "mode": "managed",
      "type": "google_compute_subnetwork",
      "name": "subnet",
      "provider": "provider[\"registry.terraform.io/hashicorp/google\"]",
      "instances": [
        {
          "schema_version": 0,
          "attributes": {
            "creation_timestamp": "2025-04-18T04:04:20.722-07:00",
            "description": "",
            "enable_flow_logs": false,
            "external_ipv6_prefix": "",
            "fingerprint": null,
            "gateway_address": "10.0.0.1",
            "id": "projects/seun-89039/regions/us-central1/subnetworks/gke-subnet",
            "internal_ipv6_prefix": "",
            "ip_cidr_range": "10.0.0.0/16",
            "ip_collection": null,
            "ipv6_access_type": "",
            "ipv6_cidr_range": "",
            "ipv6_gce_endpoint": "",
            "log_config": [],
            "name": "gke-subnet",
            "network": "https://www.googleapis.com/compute/v1/projects/seun-89039/global/networks/gke-vpc",
            "private_ip_google_access": true,
            "private_ipv6_google_access": "DISABLE_GOOGLE_ACCESS",
            "project": "seun-89039",
            "purpose": "PRIVATE",
            "region": "us-central1",
            "reserved_internal_range": "",
            "role": "",
            "secondary_ip_range": [],
            "self_link": "https://www.googleapis.com/compute/v1/projects/seun-89039/regions/us-central1/subnetworks/gke-subnet",
            "send_secondary_ip_range_if_empty": null,
            "stack_type": "IPV4_ONLY",
            "state": "",
            "subnetwork_id": 2227775582172581723,
            "timeouts": null
          },
          "sensitive_attributes": [],
          "private": "eyJlMmJmYjczMC1lY2FhLTExZTYtOGY4OC0zNDM2M2JjN2M0YzAiOnsiY3JlYXRlIjoxMjAwMDAwMDAwMDAwLCJkZWxldGUiOjEyMDAwMDAwMDAwMDAsInVwZGF0ZSI6MTIwMDAwMDAwMDAwMH19",
          "dependencies": [
            "google_compute_network.vpc"
          ]
        }
      ]
    },
    {
      "mode": "managed",
      "type": "google_container_cluster",
      "name": "primary",
      "provider": "provider[\"registry.terraform.io/hashicorp/google\"]",
      "instances": [
        {
          "schema_version": 2,
          "attributes": {
            "addons_config": [
              {
                "cloudrun_config": [],
                "config_connector_config": [],
                "dns_cache_config": [],
                "gce_persistent_disk_csi_driver_config": [
                  {
                    "enabled": true
                  }
                ],
                "gcp_filestore_csi_driver_config": [],
                "gcs_fuse_csi_driver_config": [],
                "gke_backup_agent_config": [],
                "horizontal_pod_autoscaling": [],
                "http_load_balancing": [],
                "network_policy_config": [
                  {
                    "disabled": true
                  }
                ],
                "parallelstore_csi_driver_config": [],
                "ray_operator_config": [],
                "stateful_ha_config": []
              }
            ],
            "allow_net_admin": null,
            "authenticator_groups_config": [],
            "binary_authorization": [
              {
                "enabled": false,
                "evaluation_mode": ""
              }
            ],
            "cluster_autoscaling": [
              {
                "auto_provisioning_defaults": [],
                "auto_provisioning_locations": [],
                "autoscaling_profile": "BALANCED",
                "enabled": false,
                "resource_limits": []
              }
            ],
            "cluster_ipv4_cidr": "10.36.0.0/14",
            "confidential_nodes": [],
            "control_plane_endpoints_config": [
              {
                "dns_endpoint_config": [
                  {
                    "allow_external_traffic": false,
                    "endpoint": "gke-598cd2d1848543fa9f9312b1dd14a096fbd4-233574071723.us-central1.gke.goog"
                  }
                ],
                "ip_endpoints_config": [
                  {
                    "enabled": true
                  }
                ]
              }
            ],
            "cost_management_config": [],
            "database_encryption": [
              {
                "key_name": "",
                "state": "DECRYPTED"
              }
            ],
            "datapath_provider": "",
            "default_max_pods_per_node": 110,
            "default_snat_status": [
              {
                "disabled": false
              }
            ],
            "deletion_protection": true,
            "description": "",
            "disable_l4_lb_firewall_reconciliation": false,
            "dns_config": [],
            "effective_labels": {
              "goog-terraform-provisioned": "true"
            },
            "enable_autopilot": false,
            "enable_cilium_clusterwide_network_policy": false,
            "enable_fqdn_network_policy": false,
            "enable_intranode_visibility": false,
            "enable_k8s_beta_apis": [],
            "enable_kubernetes_alpha": false,
            "enable_l4_ilb_subsetting": false,
            "enable_legacy_abac": false,
            "enable_multi_networking": false,
            "enable_shielded_nodes": true,
            "enable_tpu": false,
            "endpoint": "34.134.22.37",
            "enterprise_config": [
              {
                "cluster_tier": "STANDARD",
                "desired_tier": ""
              }
            ],
            "fleet": [],
            "gateway_api_config": [],
            "id": "projects/seun-89039/locations/us-central1/clusters/gke-cluster",
            "identity_service_config": [],
            "initial_node_count": 1,
            "ip_allocation_policy": [
              {
                "additional_pod_ranges_config": [],
                "cluster_ipv4_cidr_block": "10.36.0.0/14",
                "cluster_secondary_range_name": "gke-gke-cluster-pods-598cd2d1",
                "pod_cidr_overprovision_config": [
                  {
                    "disabled": false
                  }
                ],
                "services_ipv4_cidr_block": "34.118.224.0/20",
                "services_secondary_range_name": "",
                "stack_type": "IPV4"
              }
            ],
            "label_fingerprint": "78cdf2f6",
            "location": "us-central1",
            "logging_config": [
              {
                "enable_components": [
                  "SYSTEM_COMPONENTS",
                  "WORKLOADS"
                ]
              }
            ],
            "logging_service": "logging.googleapis.com/kubernetes",
            "maintenance_policy": [],
            "master_auth": [
              {
                "client_certificate": "",
                "client_certificate_config": [
                  {
                    "issue_client_certificate": false
                  }
                ],
                "client_key": "",
                "cluster_ca_certificate": "LS0tLS1CRUdJTiBDRVJUSUZJQ0FURS0tLS0tCk1JSUVMRENDQXBTZ0F3SUJBZ0lRSmE2RlVQNUFXM2cvNnorV2k3dlJWREFOQmdrcWhraUc5dzBCQVFzRkFEQXYKTVMwd0t3WURWUVFERXlRMU56Y3laRGcyTkMwMU1qaGlMVFJrTjJNdFltVTBOeTA0TkRRNU5UWm1ZekV3Wm1NdwpJQmNOTWpVd05ERTRNVEF3TkRFd1doZ1BNakExTlRBME1URXhNVEEwTVRCYU1DOHhMVEFyQmdOVkJBTVRKRFUzCk56SmtPRFkwTFRVeU9HSXROR1EzWXkxaVpUUTNMVGcwTkRrMU5tWmpNVEJtWXpDQ0FhSXdEUVlKS29aSWh2Y04KQVFFQkJRQURnZ0dQQURDQ0FZb0NnZ0dCQU1KWkY2Q094aXc2N1psNFFZN2VWSEFYTXo3S2tjVGRuSmE4KzhEagpwRk9nOHdYNm9INHphSmFtajBZcWNJZjZLcEJYN0hzY0hPRDlselZIcm56SmVTU0p2R0NCeUltYTRocXpPMWNJCkZkbHkySFFJS0tObmM1VXFoNVE4R1R6NWMzcmRsc3dmdmdoMlRvaXNwUU1HbS9tbjVEZHVWNmN5WmowbVhjOWYKaHk5OVpJWUlGTHZ4SUx6S0dUT3N1Q21weExMWTBCcjgwSkFWeDUwN1pwWkQ3bmdNMFkzVkozdkRjMWNvSFl1VApkeEhUeXJFMWo5eW5GcGZIQ2gzWGR6M1VRNW9nVFVnYjl5TVdDWXpuVS93TTNidkR1K0VhMzBJQ3ltU3NEejVGCkpSZnJjZnFLVWlBSHNSYTJWWG1XdURBditQeFNKNWJDMnExb0RQQWFlSzR3SWFKUDRqa1F6Lys0MVdQUWJUTkwKd2c1Tk9OK0pxMmFlT3ArY0ZBRWZyWktHVFJnQTFONWdXTHFPdzlKOWhpa0RSV2RNS2d0ZHhaV1JodGREOElWVwpXNEw4V2hRaUJXbkVORUx0NWw2RGh2WEhVdSt4YzZ0Q2RGL3lKOVYyc05DRGFVYlpNU1FVZCtKaTlwaERVVFFECm1wUFpkQlhzWmcrL1NEZndNTU1KQ0k5UklRSURBUUFCbzBJd1FEQU9CZ05WSFE4QkFmOEVCQU1DQWdRd0R3WUQKVlIwVEFRSC9CQVV3QXdFQi96QWRCZ05WSFE0RUZnUVVWdWw4a0FTb1gwRXRISEFUNGFISVpYcGtxaHd3RFFZSgpLb1pJaHZjTkFRRUxCUUFEZ2dHQkFKclJaUFBKOUI3WVJGTldmaVMyd3BPanpONWo0ekk3dFVVdHRPbk9NNzhkCkdZaE5nTEFOTVlnSzdyUWlUUXVlMFEyZmtSZXdOSTZTakNIK2tkTVZuaVRHeHZxai9JMkJSTWg3VWJhMXdNRlgKVVVGOGIvSW0vK1ljY1dybWp6R3lLSXhWU2dRV1krckw0dHBkK1FaSEROUnJ1cDJTZU5ZYmRrZ1dVOVFzQjYvNQo4WWJic1BRdXQzMjYrUzZwckluVm1XY1pPdnhjVEpYQUpUNnphc3B1QVBPOTg3dnBWVTN3amRTTFZLZ0FKOFVmCnZZeVNWbVowQ1ZwdWJMR0hFb0VXQnpHeDZVZjZRRGFrSUw3QlliSVFxWmphbWtLdEZCTk1DMWhuNmJjL01kOC8KVHc1dFFwcWFIM3dka2xCV0UvSGdTR2V6VUZIVzJlNlRTRHh6MWJJaGR4anNZVUdlZXVYWHlOWGJ6NGhSaWJ4TAptSXU4WEdFc09neUpPclhSdi8xeDhweEE0SEhrSm1aRmVuMmJIem4wU1NYakpKVGNOcmhibHBOVjl6WUpoVzBiCk51VDlsWHpZMGo5OGRMcVFpT3ZSM2k2cHNZR3d1TGd4SnBlS0ZMYUhsK2oxOXU4QjlGT3hSVWpvSGUzeXVXbG0KM2tGeE1JSUVSbmsyVkF6M3NjZitLUT09Ci0tLS0tRU5EIENFUlRJRklDQVRFLS0tLS0K"
              }
            ],
            "master_authorized_networks_config": [
              {
                "cidr_blocks": [
                  {
                    "cidr_block": "102.89.23.90/32",
                    "display_name": "my-mac"
                  }
                ],
                "gcp_public_cidrs_access_enabled": true,
                "private_endpoint_enforcement_enabled": false
              }
            ],
            "master_version": "1.31.6-gke.1020000",
            "mesh_certificates": [],
            "min_master_version": null,
            "monitoring_config": [
              {
                "advanced_datapath_observability_config": [
                  {
                    "enable_metrics": false,
                    "enable_relay": false
                  }
                ],
                "enable_components": [
                  "SYSTEM_COMPONENTS",
                  "STATEFULSET",
                  "STORAGE",
                  "HPA",
                  "POD",
                  "DAEMONSET",
                  "DEPLOYMENT",
                  "CADVISOR",
                  "KUBELET"
                ],
                "managed_prometheus": [
                  {
                    "auto_monitoring_config": [],
                    "enabled": true
                  }
                ]
              }
            ],
            "monitoring_service": "monitoring.googleapis.com/kubernetes",
            "name": "gke-cluster",
            "network": "projects/seun-89039/global/networks/default",
            "network_policy": [
              {
                "enabled": false,
                "provider": "PROVIDER_UNSPECIFIED"
              }
            ],
            "networking_mode": "VPC_NATIVE",
            "node_config": [],
            "node_locations": [
              "us-central1-a",
              "us-central1-b",
              "us-central1-f"
            ],
            "node_pool": [],
            "node_pool_auto_config": [],
            "node_pool_defaults": [
              {
                "node_config_defaults": [
                  {
                    "containerd_config": [],
                    "gcfs_config": [],
                    "insecure_kubelet_readonly_port_enabled": "FALSE",
                    "logging_variant": "DEFAULT"
                  }
                ]
              }
            ],
            "node_version": "1.31.6-gke.1020000",
            "notification_config": [
              {
                "pubsub": [
                  {
                    "enabled": false,
                    "filter": [],
                    "topic": ""
                  }
                ]
              }
            ],
            "operation": null,
            "private_cluster_config": [
              {
                "enable_private_endpoint": false,
                "enable_private_nodes": false,
                "master_global_access_config": [
                  {
                    "enabled": false
                  }
                ],
                "master_ipv4_cidr_block": "",
                "peering_name": "",
                "private_endpoint": "10.128.0.10",
                "private_endpoint_subnetwork": "",
                "public_endpoint": "34.134.22.37"
              }
            ],
            "private_ipv6_google_access": "",
            "project": "seun-89039",
            "release_channel": [
              {
                "channel": "REGULAR"
              }
            ],
            "remove_default_node_pool": true,
            "resource_labels": {},
            "resource_usage_export_config": [],
            "secret_manager_config": [
              {
                "enabled": false
              }
            ],
            "security_posture_config": [
              {
                "mode": "BASIC",
                "vulnerability_mode": "VULNERABILITY_MODE_UNSPECIFIED"
              }
            ],
            "self_link": "https://container.googleapis.com/v1/projects/seun-89039/locations/us-central1/clusters/gke-cluster",
            "service_external_ips_config": [
              {
                "enabled": false
              }
            ],
            "services_ipv4_cidr": "34.118.224.0/20",
            "subnetwork": "projects/seun-89039/regions/us-central1/subnetworks/default",
            "terraform_labels": {
              "goog-terraform-provisioned": "true"
            },
            "timeouts": null,
            "tpu_ipv4_cidr_block": "",
            "user_managed_keys_config": [],
            "vertical_pod_autoscaling": [],
            "workload_identity_config": []
          },
          "sensitive_attributes": [],
          "private": "eyJlMmJmYjczMC1lY2FhLTExZTYtOGY4OC0zNDM2M2JjN2M0YzAiOnsiY3JlYXRlIjoyNDAwMDAwMDAwMDAwLCJkZWxldGUiOjI0MDAwMDAwMDAwMDAsInJlYWQiOjI0MDAwMDAwMDAwMDAsInVwZGF0ZSI6MzYwMDAwMDAwMDAwMH0sInNjaGVtYV92ZXJzaW9uIjoiMiJ9"
        }
      ]
    },
    {
      "mode": "managed",
      "type": "google_container_node_pool",
      "name": "primary_nodes",
      "provider": "provider[\"registry.terraform.io/hashicorp/google\"]",
      "instances": [
        {
          "schema_version": 1,
          "attributes": {
            "autoscaling": [],
            "cluster": "gke-cluster",
            "id": "projects/seun-89039/locations/us-central1/clusters/gke-cluster/nodePools/primary-node-pool",
            "initial_node_count": 1,
            "instance_group_urls": [
              "https://www.googleapis.com/compute/v1/projects/seun-89039/zones/us-central1-a/instanceGroupManagers/gke-gke-cluster-primary-node-pool-fc8d4186-grp"
            ],
            "location": "us-central1",
            "managed_instance_group_urls": [
              "https://www.googleapis.com/compute/v1/projects/seun-89039/zones/us-central1-a/instanceGroups/gke-gke-cluster-primary-node-pool-fc8d4186-grp"
            ],
            "management": [
              {
                "auto_repair": true,
                "auto_upgrade": true
              }
            ],
            "max_pods_per_node": 110,
            "name": "primary-node-pool",
            "name_prefix": "",
            "network_config": [
              {
                "additional_node_network_configs": [],
                "additional_pod_network_configs": [],
                "create_pod_range": false,
                "enable_private_nodes": false,
                "network_performance_config": [],
                "pod_cidr_overprovision_config": [],
                "pod_ipv4_cidr_block": "10.36.0.0/14",
                "pod_range": "gke-gke-cluster-pods-598cd2d1"
              }
            ],
            "node_config": [
              {
                "advanced_machine_features": [],
                "boot_disk_kms_key": "",
                "confidential_nodes": [],
                "containerd_config": [],
                "disk_size_gb": 100,
                "disk_type": "pd-balanced",
                "effective_taints": [],
                "enable_confidential_storage": false,
                "ephemeral_storage_local_ssd_config": [],
                "fast_socket": [],
                "gcfs_config": [],
                "guest_accelerator": [],
                "gvnic": [],
                "host_maintenance_policy": [],
                "image_type": "COS_CONTAINERD",
                "kubelet_config": [
                  {
                    "allowed_unsafe_sysctls": [],
                    "container_log_max_files": 0,
                    "container_log_max_size": "",
                    "cpu_cfs_quota": false,
                    "cpu_cfs_quota_period": "",
                    "cpu_manager_policy": "",
                    "image_gc_high_threshold_percent": 0,
                    "image_gc_low_threshold_percent": 0,
                    "image_maximum_gc_age": "",
                    "image_minimum_gc_age": "",
                    "insecure_kubelet_readonly_port_enabled": "TRUE",
                    "pod_pids_limit": 0
                  }
                ],
                "labels": {},
                "linux_node_config": [],
                "local_nvme_ssd_block_config": [],
                "local_ssd_count": 0,
                "local_ssd_encryption_mode": "",
                "logging_variant": "DEFAULT",
                "machine_type": "e2-medium",
                "max_run_duration": "",
                "metadata": {
                  "disable-legacy-endpoints": "true"
                },
                "min_cpu_platform": "",
                "node_group": "",
                "oauth_scopes": [
                  "https://www.googleapis.com/auth/cloud-platform"
                ],
                "preemptible": false,
                "reservation_affinity": [],
                "resource_labels": {
                  "goog-gke-node-pool-provisioning-model": "on-demand"
                },
                "resource_manager_tags": null,
                "secondary_boot_disks": [],
                "service_account": "service-account-id@seun-89039.iam.gserviceaccount.com",
                "shielded_instance_config": [
                  {
                    "enable_integrity_monitoring": true,
                    "enable_secure_boot": false
                  }
                ],
                "sole_tenant_config": [],
                "spot": false,
                "storage_pools": null,
                "tags": null,
                "taint": [],
                "windows_node_config": [
                  {
                    "osversion": ""
                  }
                ],
                "workload_metadata_config": []
              }
            ],
            "node_count": 1,
            "node_locations": [
              "us-central1-a"
            ],
            "operation": null,
            "placement_policy": [],
            "project": "seun-89039",
            "queued_provisioning": [],
            "timeouts": null,
            "upgrade_settings": [
              {
                "blue_green_settings": [],
                "max_surge": 1,
                "max_unavailable": 0,
                "strategy": "SURGE"
              }
            ],
            "version": "1.31.6-gke.1020000"
          },
          "sensitive_attributes": [],
          "private": "eyJlMmJmYjczMC1lY2FhLTExZTYtOGY4OC0zNDM2M2JjN2M0YzAiOnsiY3JlYXRlIjoxODAwMDAwMDAwMDAwLCJkZWxldGUiOjE4MDAwMDAwMDAwMDAsInVwZGF0ZSI6MTgwMDAwMDAwMDAwMH0sInNjaGVtYV92ZXJzaW9uIjoiMSJ9",
          "dependencies": [
            "google_container_cluster.primary",
            "google_service_account.default"
          ]
        }
      ]
    },
    {
      "mode": "managed",
      "type": "google_secret_manager_secret",
      "name": "db_password",
      "provider": "provider[\"registry.terraform.io/hashicorp/google\"]",
      "instances": [
        {
          "schema_version": 0,
          "attributes": {
            "annotations": null,
            "create_time": "2025-04-18T11:24:28.821803Z",
            "effective_annotations": {},
            "effective_labels": {
              "goog-terraform-provisioned": "true",
              "label": "gke"
            },
            "expire_time": "",
            "id": "projects/seun-89039/secrets/DB-PASSWORD",
            "labels": {
              "label": "gke"
            },
            "name": "projects/233574071723/secrets/DB-PASSWORD",
            "project": "seun-89039",
            "replication": [
              {
                "auto": [],
                "user_managed": [
                  {
                    "replicas": [
                      {
                        "customer_managed_encryption": [],
                        "location": "us-central1"
                      },
                      {
                        "customer_managed_encryption": [],
                        "location": "us-east1"
                      }
                    ]
                  }
                ]
              }
            ],
            "rotation": [],
            "secret_id": "DB-PASSWORD",
            "terraform_labels": {
              "goog-terraform-provisioned": "true",
              "label": "gke"
            },
            "timeouts": null,
            "topics": [],
            "ttl": null,
            "version_aliases": null,
            "version_destroy_ttl": ""
          },
          "sensitive_attributes": [],
          "private": "eyJlMmJmYjczMC1lY2FhLTExZTYtOGY4OC0zNDM2M2JjN2M0YzAiOnsiY3JlYXRlIjoxMjAwMDAwMDAwMDAwLCJkZWxldGUiOjEyMDAwMDAwMDAwMDAsInVwZGF0ZSI6MTIwMDAwMDAwMDAwMH19"
        }
      ]
    },
    {
      "mode": "managed",
      "type": "google_secret_manager_secret_version",
      "name": "db_password_ver",
      "provider": "provider[\"registry.terraform.io/hashicorp/google\"]",
      "instances": [
        {
          "schema_version": 0,
          "attributes": {
            "create_time": "2025-04-18T11:24:29.639511Z",
            "deletion_policy": "DELETE",
            "destroy_time": "",
            "enabled": true,
            "id": "projects/233574071723/secrets/DB-PASSWORD/versions/1",
            "is_secret_data_base64": false,
            "name": "projects/233574071723/secrets/DB-PASSWORD/versions/1",
            "secret": "projects/seun-89039/secrets/DB-PASSWORD",
            "secret_data": "supersecretpassword",
            "secret_data_wo": null,
            "secret_data_wo_version": 0,
            "timeouts": null,
            "version": "1"
          },
          "sensitive_attributes": [],
          "private": "eyJlMmJmYjczMC1lY2FhLTExZTYtOGY4OC0zNDM2M2JjN2M0YzAiOnsiY3JlYXRlIjoxMjAwMDAwMDAwMDAwLCJkZWxldGUiOjEyMDAwMDAwMDAwMDAsInVwZGF0ZSI6MTIwMDAwMDAwMDAwMH19",
          "dependencies": [
            "google_secret_manager_secret.db_password"
          ]
        }
      ]
    },
    {
      "mode": "managed",
      "type": "google_service_account",
      "name": "default",
      "provider": "provider[\"registry.terraform.io/hashicorp/google\"]",
      "instances": [
        {
          "schema_version": 0,
          "attributes": {
            "account_id": "service-account-id",
            "create_ignore_already_exists": null,
            "description": "",
            "disabled": false,
            "display_name": "GKE Service Account",
            "email": "service-account-id@seun-89039.iam.gserviceaccount.com",
            "id": "projects/seun-89039/serviceAccounts/service-account-id@seun-89039.iam.gserviceaccount.com",
            "member": "serviceAccount:service-account-id@seun-89039.iam.gserviceaccount.com",
            "name": "projects/seun-89039/serviceAccounts/service-account-id@seun-89039.iam.gserviceaccount.com",
            "project": "seun-89039",
            "timeouts": null,
            "unique_id": "100385476411248234977"
          },
          "sensitive_attributes": [],
          "private": "eyJlMmJmYjczMC1lY2FhLTExZTYtOGY4OC0zNDM2M2JjN2M0YzAiOnsiY3JlYXRlIjozMDAwMDAwMDAwMDB9fQ=="
        }
      ]
    },
    {
      "mode": "managed",
      "type": "kubernetes_namespace",
      "name": "production",
      "provider": "provider[\"registry.terraform.io/hashicorp/kubernetes\"]",
      "instances": [
        {
          "schema_version": 0,
          "attributes": {
            "id": "production",
            "metadata": [
              {
                "annotations": {},
                "generate_name": "",
                "generation": 0,
                "labels": {},
                "name": "production",
                "resource_version": "5497",
                "uid": "ae6cee75-cff3-4d9e-9bae-28a3016f8a9a"
              }
            ],
            "timeouts": null,
            "wait_for_default_service_account": false
          },
          "sensitive_attributes": [],
          "private": "eyJlMmJmYjczMC1lY2FhLTExZTYtOGY4OC0zNDM2M2JjN2M0YzAiOnsiZGVsZXRlIjozMDAwMDAwMDAwMDB9fQ==",
          "dependencies": [
            "data.google_client_config.default",
            "google_container_cluster.primary",
            "google_container_node_pool.primary_nodes",
            "google_service_account.default"
          ]
        }
      ]
    },
    {
      "mode": "managed",
      "type": "kubernetes_namespace",
      "name": "staging",
      "provider": "provider[\"registry.terraform.io/hashicorp/kubernetes\"]",
      "instances": [
        {
          "schema_version": 0,
          "attributes": {
            "id": "staging",
            "metadata": [
              {
                "annotations": {},
                "generate_name": "",
                "generation": 0,
                "labels": {},
                "name": "staging",
                "resource_version": "5498",
                "uid": "764c5e1b-27bd-4aae-ab7b-82f1472b5b27"
              }
            ],
            "timeouts": null,
            "wait_for_default_service_account": false
          },
          "sensitive_attributes": [],
          "private": "eyJlMmJmYjczMC1lY2FhLTExZTYtOGY4OC0zNDM2M2JjN2M0YzAiOnsiZGVsZXRlIjozMDAwMDAwMDAwMDB9fQ==",
          "dependencies": [
            "data.google_client_config.default",
            "google_container_cluster.primary",
            "google_container_node_pool.primary_nodes",
            "google_service_account.default"
          ]
        }
      ]
    }
  ],
  "check_results": null
}
